
Microsoft Visual Studio Solution File, Format Version 12.00
# Visual Studio 15
Project("{FAE04EC0-301F-11D3-BF4B-00C04F79EFBC}") = "Assembly-CSharp", "Assembly-CSharp.csproj", "{5CF2E6A5-EE8F-CBBC-59C3-8727B871BC5B}"
EndProject
Project("{FAE04EC0-301F-11D3-BF4B-00C04F79EFBC}") = "Assembly-CSharp-Editor", "Assembly-CSharp-Editor.csproj", "{EA8D82C3-10EB-5063-5C84-89843DBE42A6}"
EndProject
Global
	GlobalSection(SolutionConfigurationPlatforms) = preSolution
		Debug|Any CPU = Debug|Any CPU
		Release|Any CPU = Release|Any CPU
	EndGlobalSection
	GlobalSection(ProjectConfigurationPlatforms) = postSolution
		{5CF2E6A5-EE8F-CBBC-59C3-8727B871BC5B}.Debug|Any CPU.ActiveCfg = Debug|Any CPU
		{5CF2E6A5-EE8F-CBBC-59C3-8727B871BC5B}.Debug|Any CPU.Build.0 = Debug|Any CPU
		{5CF2E6A5-EE8F-CBBC-59C3-8727B871BC5B}.Release|Any CPU.ActiveCfg = Release|Any CPU
		{5CF2E6A5-EE8F-CBBC-59C3-8727B871BC5B}.Release|Any CPU.Build.0 = Release|Any CPU
		{EA8D82C3-10EB-5063-5C84-89843DBE42A6}.Debug|Any CPU.ActiveCfg = Debug|Any CPU
		{EA8D82C3-10EB-5063-5C84-89843DBE42A6}.Debug|Any CPU.Build.0 = Debug|Any CPU
		{EA8D82C3-10EB-5063-5C84-89843DBE42A6}.Release|Any CPU.ActiveCfg = Release|Any CPU
		{EA8D82C3-10EB-5063-5C84-89843DBE42A6}.Release|Any CPU.Build.0 = Release|Any CPU
	EndGlobalSection
	GlobalSection(SolutionProperties) = preSolution
		HideSolutionNode = FALSE
	EndGlobalSection
EndGlobal
